
Microsoft Visual Studio Solution File, Format Version 12.00
# Visual Studio Version 16
VisualStudioVersion = 16.0.32126.315
MinimumVisualStudioVersion = 10.0.40219.1
Project("{9A19103F-16F7-4668-BE54-9A1E7A4F7556}") = "TimeSheetAPI", "TimeSheet\TimeSheetAPI.csproj", "{E440D892-3F1D-438B-858D-4961ECD03B66}"
EndProject
Project("{FAE04EC0-301F-11D3-BF4B-00C04F79EFBC}") = "PersonModel", "PersonModel\PersonModel.csproj", "{8E475717-73A6-47CD-8C93-CF4194B72080}"
EndProject
Project("{FAE04EC0-301F-11D3-BF4B-00C04F79EFBC}") = "PersonRepository", "PersonRepository\PersonRepository.csproj", "{F78D957A-1D60-4878-913C-AADBFF0D3240}"
EndProject
Global
	GlobalSection(SolutionConfigurationPlatforms) = preSolution
		Debug|Any CPU = Debug|Any CPU
		Release|Any CPU = Release|Any CPU
	EndGlobalSection
	GlobalSection(ProjectConfigurationPlatforms) = postSolution
		{E440D892-3F1D-438B-858D-4961ECD03B66}.Debug|Any CPU.ActiveCfg = Debug|Any CPU
		{E440D892-3F1D-438B-858D-4961ECD03B66}.Debug|Any CPU.Build.0 = Debug|Any CPU
		{E440D892-3F1D-438B-858D-4961ECD03B66}.Release|Any CPU.ActiveCfg = Release|Any CPU
		{E440D892-3F1D-438B-858D-4961ECD03B66}.Release|Any CPU.Build.0 = Release|Any CPU
		{8E475717-73A6-47CD-8C93-CF4194B72080}.Debug|Any CPU.ActiveCfg = Debug|Any CPU
		{8E475717-73A6-47CD-8C93-CF4194B72080}.Debug|Any CPU.Build.0 = Debug|Any CPU
		{8E475717-73A6-47CD-8C93-CF4194B72080}.Release|Any CPU.ActiveCfg = Release|Any CPU
		{8E475717-73A6-47CD-8C93-CF4194B72080}.Release|Any CPU.Build.0 = Release|Any CPU
		{F78D957A-1D60-4878-913C-AADBFF0D3240}.Debug|Any CPU.ActiveCfg = Debug|Any CPU
		{F78D957A-1D60-4878-913C-AADBFF0D3240}.Debug|Any CPU.Build.0 = Debug|Any CPU
		{F78D957A-1D60-4878-913C-AADBFF0D3240}.Release|Any CPU.ActiveCfg = Release|Any CPU
		{F78D957A-1D60-4878-913C-AADBFF0D3240}.Release|Any CPU.Build.0 = Release|Any CPU
	EndGlobalSection
	GlobalSection(SolutionProperties) = preSolution
		HideSolutionNode = FALSE
	EndGlobalSection
	GlobalSection(ExtensibilityGlobals) = postSolution
		SolutionGuid = {D2F89D01-2D8F-47DD-9EA1-C3BB0DB4B252}
	EndGlobalSection
EndGlobal
